# THIS IS AN AUTOGENERATED FILE. DO NOT EDIT THIS FILE DIRECTLY.
# yarn lockfile v1


run-func@^1.0.5:
  version "1.0.5"
  resolved "https://registry.yarnpkg.com/run-func/-/run-func-1.0.5.tgz#f441a6dfcaccb2d53f9bdb9b747428dc45d1305b"
  integrity sha512-v+Iopip1KE00OFRwIpLdLUsMXHDErktYAMYevTvCCwTBQWF+7z+vy886FUrOOBIwyX5OJC6tLdRKyzYHOfHQug==
